// !$*UTF8*$!
{
	archiveVersion = 1;
	classes = {
	};
	objectVersion = 50;
	objects = {

/* Begin PBXBuildFile section */
		145EF6BC266FE5B1004A40C6 /* WelcomeView.swift in Sources */ = {isa = PBXBuildFile; fileRef = 145EF6BB266FE5B1004A40C6 /* WelcomeView.swift */; };
		145EF6C02671112D004A40C6 /* DownloadView.swift in Sources */ = {isa = PBXBuildFile; fileRef = 145EF6BF2671112D004A40C6 /* DownloadView.swift */; };
		145EF6CA26711FDF004A40C6 /* Shell.swift in Sources */ = {isa = PBXBuildFile; fileRef = 145EF6C926711FDF004A40C6 /* Shell.swift */; };
		145EF6CC2675E0EE004A40C6 /* ModernButton.swift in Sources */ = {isa = PBXBuildFile; fileRef = 145EF6CB2675E0EE004A40C6 /* ModernButton.swift */; };
		145EF6D02675E175004A40C6 /* StatusLabel.swift in Sources */ = {isa = PBXBuildFile; fileRef = 145EF6CF2675E175004A40C6 /* StatusLabel.swift */; };
		145EF6D22675E4EF004A40C6 /* bigsurweb in Resources */ = {isa = PBXBuildFile; fileRef = 145EF6D12675E4EF004A40C6 /* bigsurweb */; };
		14887875266FE4EC00C0A627 /* AppDelegate.swift in Sources */ = {isa = PBXBuildFile; fileRef = 14887874266FE4EC00C0A627 /* AppDelegate.swift */; };
		14887877266FE4EC00C0A627 /* ContentView.swift in Sources */ = {isa = PBXBuildFile; fileRef = 14887876266FE4EC00C0A627 /* ContentView.swift */; };
		14887879266FE4F000C0A627 /* Assets.xcassets in Resources */ = {isa = PBXBuildFile; fileRef = 14887878266FE4F000C0A627 /* Assets.xcassets */; };
		1488787C266FE4F000C0A627 /* Preview Assets.xcassets in Resources */ = {isa = PBXBuildFile; fileRef = 1488787B266FE4F000C0A627 /* Preview Assets.xcassets */; };
		1488787F266FE4F000C0A627 /* Main.storyboard in Resources */ = {isa = PBXBuildFile; fileRef = 1488787D266FE4F000C0A627 /* Main.storyboard */; };
/* End PBXBuildFile section */

/* Begin PBXFileReference section */
		145EF6BB266FE5B1004A40C6 /* WelcomeView.swift */ = {isa = PBXFileReference; lastKnownFileType = sourcecode.swift; path = WelcomeView.swift; sourceTree = "<group>"; };
		145EF6BF2671112D004A40C6 /* DownloadView.swift */ = {isa = PBXFileReference; lastKnownFileType = sourcecode.swift; path = DownloadView.swift; sourceTree = "<group>"; };
		145EF6C926711FDF004A40C6 /* Shell.swift */ = {isa = PBXFileReference; lastKnownFileType = sourcecode.swift; path = Shell.swift; sourceTree = "<group>"; };
		145EF6CB2675E0EE004A40C6 /* ModernButton.swift */ = {isa = PBXFileReference; fileEncoding = 4; lastKnownFileType = sourcecode.swift; path = ModernButton.swift; sourceTree = "<group>"; };
		145EF6CF2675E175004A40C6 /* StatusLabel.swift */ = {isa = PBXFileReference; lastKnownFileType = sourcecode.swift; name = StatusLabel.swift; path = "Patch Monterey/StatusLabel.swift"; sourceTree = SOURCE_ROOT; };
		145EF6D12675E4EF004A40C6 /* bigsurweb */ = {isa = PBXFileReference; lastKnownFileType = text; path = bigsurweb; sourceTree = "<group>"; };
		14887871266FE4EC00C0A627 /* Patch Monterey.app */ = {isa = PBXFileReference; explicitFileType = wrapper.application; includeInIndex = 0; path = "Patch Monterey.app"; sourceTree = BUILT_PRODUCTS_DIR; };
		14887874266FE4EC00C0A627 /* AppDelegate.swift */ = {isa = PBXFileReference; lastKnownFileType = sourcecode.swift; path = AppDelegate.swift; sourceTree = "<group>"; };
		14887876266FE4EC00C0A627 /* ContentView.swift */ = {isa = PBXFileReference; lastKnownFileType = sourcecode.swift; path = ContentView.swift; sourceTree = "<group>"; };
		14887878266FE4F000C0A627 /* Assets.xcassets */ = {isa = PBXFileReference; lastKnownFileType = folder.assetcatalog; path = Assets.xcassets; sourceTree = "<group>"; };
		1488787B266FE4F000C0A627 /* Preview Assets.xcassets */ = {isa = PBXFileReference; lastKnownFileType = folder.assetcatalog; path = "Preview Assets.xcassets"; sourceTree = "<group>"; };
		1488787E266FE4F000C0A627 /* Base */ = {isa = PBXFileReference; lastKnownFileType = file.storyboard; name = Base; path = Base.lproj/Main.storyboard; sourceTree = "<group>"; };
		14887880266FE4F000C0A627 /* Info.plist */ = {isa = PBXFileReference; lastKnownFileType = text.plist.xml; path = Info.plist; sourceTree = "<group>"; };
		14887881266FE4F000C0A627 /* Patch_Monterey.entitlements */ = {isa = PBXFileReference; lastKnownFileType = text.plist.entitlements; path = Patch_Monterey.entitlements; sourceTree = "<group>"; };
/* End PBXFileReference section */

/* Begin PBXFrameworksBuildPhase section */
		1488786E266FE4EC00C0A627 /* Frameworks */ = {
			isa = PBXFrameworksBuildPhase;
			buildActionMask = 2147483647;
			files = (
			);
			runOnlyForDeploymentPostprocessing = 0;
		};
/* End PBXFrameworksBuildPhase section */

/* Begin PBXGroup section */
		14887868266FE4EC00C0A627 = {
			isa = PBXGroup;
			children = (
				145EF6D12675E4EF004A40C6 /* bigsurweb */,
				14887873266FE4EC00C0A627 /* Patch Monterey */,
				14887872266FE4EC00C0A627 /* Products */,
			);
			sourceTree = "<group>";
		};
		14887872266FE4EC00C0A627 /* Products */ = {
			isa = PBXGroup;
			children = (
				14887871266FE4EC00C0A627 /* Patch Monterey.app */,
			);
			name = Products;
			sourceTree = "<group>";
		};
		14887873266FE4EC00C0A627 /* Patch Monterey */ = {
			isa = PBXGroup;
			children = (
				14887874266FE4EC00C0A627 /* AppDelegate.swift */,
				14887876266FE4EC00C0A627 /* ContentView.swift */,
				145EF6BB266FE5B1004A40C6 /* WelcomeView.swift */,
				145EF6BF2671112D004A40C6 /* DownloadView.swift */,
				14887878266FE4F000C0A627 /* Assets.xcassets */,
				1488787D266FE4F000C0A627 /* Main.storyboard */,
				14887880266FE4F000C0A627 /* Info.plist */,
				14887881266FE4F000C0A627 /* Patch_Monterey.entitlements */,
				1488787A266FE4F000C0A627 /* Preview Content */,
				145EF6CB2675E0EE004A40C6 /* ModernButton.swift */,
				145EF6CF2675E175004A40C6 /* StatusLabel.swift */,
				145EF6C926711FDF004A40C6 /* Shell.swift */,
			);
			path = "Patch Monterey";
			sourceTree = "<group>";
		};
		1488787A266FE4F000C0A627 /* Preview Content */ = {
			isa = PBXGroup;
			children = (
				1488787B266FE4F000C0A627 /* Preview Assets.xcassets */,
			);
			path = "Preview Content";
			sourceTree = "<group>";
		};
/* End PBXGroup section */

/* Begin PBXNativeTarget section */
		14887870266FE4EC00C0A627 /* Patch Monterey */ = {
			isa = PBXNativeTarget;
			buildConfigurationList = 14887884266FE4F000C0A627 /* Build configuration list for PBXNativeTarget "Patch Monterey" */;
			buildPhases = (
				1488786D266FE4EC00C0A627 /* Sources */,
				1488786E266FE4EC00C0A627 /* Frameworks */,
				1488786F266FE4EC00C0A627 /* Resources */,
			);
			buildRules = (
			);
			dependencies = (
			);
			name = "Patch Monterey";
			productName = "Patch Monterey";
			productReference = 14887871266FE4EC00C0A627 /* Patch Monterey.app */;
			productType = "com.apple.product-type.application";
		};
/* End PBXNativeTarget section */

/* Begin PBXProject section */
		14887869266FE4EC00C0A627 /* Project object */ = {
			isa = PBXProject;
			attributes = {
				LastSwiftUpdateCheck = 1250;
				LastUpgradeCheck = 1250;
				TargetAttributes = {
					14887870266FE4EC00C0A627 = {
						CreatedOnToolsVersion = 12.5;
					};
				};
			};
			buildConfigurationList = 1488786C266FE4EC00C0A627 /* Build configuration list for PBXProject "Patch Monterey" */;
			compatibilityVersion = "Xcode 9.3";
			developmentRegion = en;
			hasScannedForEncodings = 0;
			knownRegions = (
				en,
				Base,
			);
			mainGroup = 14887868266FE4EC00C0A627;
			productRefGroup = 14887872266FE4EC00C0A627 /* Products */;
			projectDirPath = "";
			projectRoot = "";
			targets = (
				14887870266FE4EC00C0A627 /* Patch Monterey */,
			);
		};
/* End PBXProject section */

/* Begin PBXResourcesBuildPhase section */
		1488786F266FE4EC00C0A627 /* Resources */ = {
			isa = PBXResourcesBuildPhase;
			buildActionMask = 2147483647;
			files = (
				1488787F266FE4F000C0A627 /* Main.storyboard in Resources */,
				1488787C266FE4F000C0A627 /* Preview Assets.xcassets in Resources */,
				14887879266FE4F000C0A627 /* Assets.xcassets in Resources */,
				145EF6D22675E4EF004A40C6 /* bigsurweb in Resources */,
			);
			runOnlyForDeploymentPostprocessing = 0;
		};
/* End PBXResourcesBuildPhase section */

/* Begin PBXSourcesBuildPhase section */
		1488786D266FE4EC00C0A627 /* Sources */ = {
			isa = PBXSourcesBuildPhase;
			buildActionMask = 2147483647;
			files = (
				145EF6CC2675E0EE004A40C6 /* ModernButton.swift in Sources */,
				145EF6CA26711FDF004A40C6 /* Shell.swift in Sources */,
				14887877266FE4EC00C0A627 /* ContentView.swift in Sources */,
				145EF6BC266FE5B1004A40C6 /* WelcomeView.swift in Sources */,
				145EF6D02675E175004A40C6 /* StatusLabel.swift in Sources */,
				14887875266FE4EC00C0A627 /* AppDelegate.swift in Sources */,
				145EF6C02671112D004A40C6 /* DownloadView.swift in Sources */,
			);
			runOnlyForDeploymentPostprocessing = 0;
		};
/* End PBXSourcesBuildPhase section */

/* Begin PBXVariantGroup section */
		1488787D266FE4F000C0A627 /* Main.storyboard */ = {
			isa = PBXVariantGroup;
			children = (
				1488787E266FE4F000C0A627 /* Base */,
			);
			name = Main.storyboard;
			sourceTree = "<group>";
		};
/* End PBXVariantGroup section */

/* Begin XCBuildConfiguration section */
		14887882266FE4F000C0A627 /* Debug */ = {
			isa = XCBuildConfiguration;
			buildSettings = {
				ALWAYS_SEARCH_USER_PATHS = NO;
				CLANG_ANALYZER_NONNULL = YES;
				CLANG_ANALYZER_NUMBER_OBJECT_CONVERSION = YES_AGGRESSIVE;
				CLANG_CXX_LANGUAGE_STANDARD = "gnu++14";
				CLANG_CXX_LIBRARY = "libc++";
				CLANG_ENABLE_MODULES = YES;
				CLANG_ENABLE_OBJC_ARC = YES;
				CLANG_ENABLE_OBJC_WEAK = YES;
				CLANG_WARN_BLOCK_CAPTURE_AUTORELEASING = YES;
				CLANG_WARN_BOOL_CONVERSION = YES;
				CLANG_WARN_COMMA = YES;
				CLANG_WARN_CONSTANT_CONVERSION = YES;
				CLANG_WARN_DEPRECATED_OBJC_IMPLEMENTATIONS = YES;
				CLANG_WARN_DIRECT_OBJC_ISA_USAGE = YES_ERROR;
				CLANG_WARN_DOCUMENTATION_COMMENTS = YES;
				CLANG_WARN_EMPTY_BODY = YES;
				CLANG_WARN_ENUM_CONVERSION = YES;
				CLANG_WARN_INFINITE_RECURSION = YES;
				CLANG_WARN_INT_CONVERSION = YES;
				CLANG_WARN_NON_LITERAL_NULL_CONVERSION = YES;
				CLANG_WARN_OBJC_IMPLICIT_RETAIN_SELF = YES;
				CLANG_WARN_OBJC_LITERAL_CONVERSION = YES;
				CLANG_WARN_OBJC_ROOT_CLASS = YES_ERROR;
				CLANG_WARN_QUOTED_INCLUDE_IN_FRAMEWORK_HEADER = YES;
				CLANG_WARN_RANGE_LOOP_ANALYSIS = YES;
				CLANG_WARN_STRICT_PROTOTYPES = YES;
				CLANG_WARN_SUSPICIOUS_MOVE = YES;
				CLANG_WARN_UNGUARDED_AVAILABILITY = YES_AGGRESSIVE;
				CLANG_WARN_UNREACHABLE_CODE = YES;
				CLANG_WARN__DUPLICATE_METHOD_MATCH = YES;
				COPY_PHASE_STRIP = NO;
				DEBUG_INFORMATION_FORMAT = dwarf;
				ENABLE_STRICT_OBJC_MSGSEND = YES;
				ENABLE_TESTABILITY = YES;
				GCC_C_LANGUAGE_STANDARD = gnu11;
				GCC_DYNAMIC_NO_PIC = NO;
				GCC_NO_COMMON_BLOCKS = YES;
				GCC_OPTIMIZATION_LEVEL = 0;
				GCC_PREPROCESSOR_DEFINITIONS = (
					"DEBUG=1",
					"$(inherited)",
				);
				GCC_WARN_64_TO_32_BIT_CONVERSION = YES;
				GCC_WARN_ABOUT_RETURN_TYPE = YES_ERROR;
				GCC_WARN_UNDECLARED_SELECTOR = YES;
				GCC_WARN_UNINITIALIZED_AUTOS = YES_AGGRESSIVE;
				GCC_WARN_UNUSED_FUNCTION = YES;
				GCC_WARN_UNUSED_VARIABLE = YES;
				MACOSX_DEPLOYMENT_TARGET = 11.3;
				MTL_ENABLE_DEBUG_INFO = INCLUDE_SOURCE;
				MTL_FAST_MATH = YES;
				ONLY_ACTIVE_ARCH = YES;
				SDKROOT = macosx;
				SWIFT_ACTIVE_COMPILATION_CONDITIONS = DEBUG;
				SWIFT_OPTIMIZATION_LEVEL = "-Onone";
			};
			name = Debug;
		};
		14887883266FE4F000C0A627 /* Release */ = {
			isa = XCBuildConfiguration;
			buildSettings = {
				ALWAYS_SEARCH_USER_PATHS = NO;
				CLANG_ANALYZER_NONNULL = YES;
				CLANG_ANALYZER_NUMBER_OBJECT_CONVERSION = YES_AGGRESSIVE;
				CLANG_CXX_LANGUAGE_STANDARD = "gnu++14";
				CLANG_CXX_LIBRARY = "libc++";
				CLANG_ENABLE_MODULES = YES;
				CLANG_ENABLE_OBJC_ARC = YES;
				CLANG_ENABLE_OBJC_WEAK = YES;
				CLANG_WARN_BLOCK_CAPTURE_AUTORELEASING = YES;
				CLANG_WARN_BOOL_CONVERSION = YES;
				CLANG_WARN_COMMA = YES;
				CLANG_WARN_CONSTANT_CONVERSION = YES;
				CLANG_WARN_DEPRECATED_OBJC_IMPLEMENTATIONS = YES;
				CLANG_WARN_DIRECT_OBJC_ISA_USAGE = YES_ERROR;
				CLANG_WARN_DOCUMENTATION_COMMENTS = YES;
				CLANG_WARN_EMPTY_BODY = YES;
				CLANG_WARN_ENUM_CONVERSION = YES;
				CLANG_WARN_INFINITE_RECURSION = YES;
				CLANG_WARN_INT_CONVERSION = YES;
				CLANG_WARN_NON_LITERAL_NULL_CONVERSION = YES;
				CLANG_WARN_OBJC_IMPLICIT_RETAIN_SELF = YES;
				CLANG_WARN_OBJC_LITERAL_CONVERSION = YES;
				CLANG_WARN_OBJC_ROOT_CLASS = YES_ERROR;
				CLANG_WARN_QUOTED_INCLUDE_IN_FRAMEWORK_HEADER = YES;
				CLANG_WARN_RANGE_LOOP_ANALYSIS = YES;
				CLANG_WARN_STRICT_PROTOTYPES = YES;
				CLANG_WARN_SUSPICIOUS_MOVE = YES;
				CLANG_WARN_UNGUARDED_AVAILABILITY = YES_AGGRESSIVE;
				CLANG_WARN_UNREACHABLE_CODE = YES;
				CLANG_WARN__DUPLICATE_METHOD_MATCH = YES;
				COPY_PHASE_STRIP = NO;
				DEBUG_INFORMATION_FORMAT = "dwarf-with-dsym";
				ENABLE_NS_ASSERTIONS = NO;
				ENABLE_STRICT_OBJC_MSGSEND = YES;
				GCC_C_LANGUAGE_STANDARD = gnu11;
				GCC_NO_COMMON_BLOCKS = YES;
				GCC_WARN_64_TO_32_BIT_CONVERSION = YES;
				GCC_WARN_ABOUT_RETURN_TYPE = YES_ERROR;
				GCC_WARN_UNDECLARED_SELECTOR = YES;
				GCC_WARN_UNINITIALIZED_AUTOS = YES_AGGRESSIVE;
				GCC_WARN_UNUSED_FUNCTION = YES;
				GCC_WARN_UNUSED_VARIABLE = YES;
				MACOSX_DEPLOYMENT_TARGET = 11.3;
				MTL_ENABLE_DEBUG_INFO = NO;
				MTL_FAST_MATH = YES;
				SDKROOT = macosx;
				SWIFT_COMPILATION_MODE = wholemodule;
				SWIFT_OPTIMIZATION_LEVEL = "-O";
			};
			name = Release;
		};
		14887885266FE4F000C0A627 /* Debug */ = {
			isa = XCBuildConfiguration;
			buildSettings = {
				ASSETCATALOG_COMPILER_APPICON_NAME = AppIcon;
				ASSETCATALOG_COMPILER_GLOBAL_ACCENT_COLOR_NAME = AccentColor;
				CODE_SIGN_ENTITLEMENTS = "Patch Monterey/Patch_Monterey.entitlements";
				CODE_SIGN_STYLE = Automatic;
				COMBINE_HIDPI_IMAGES = YES;
				DEVELOPMENT_ASSET_PATHS = "\"Patch Monterey/Preview Content\"";
				ENABLE_PREVIEWS = YES;
				INFOPLIST_FILE = "Patch Monterey/Info.plist";
				LD_RUNPATH_SEARCH_PATHS = (
					"$(inherited)",
					"@executable_path/../Frameworks",
				);
				MACOSX_DEPLOYMENT_TARGET = 11.0;
				PRODUCT_BUNDLE_IDENTIFIER = "com.swoodprojects.Patch-Monterey";
				PRODUCT_NAME = "$(TARGET_NAME)";
				SWIFT_VERSION = 5.0;
			};
			name = Debug;
		};
		14887886266FE4F000C0A627 /* Release */ = {
			isa = XCBuildConfiguration;
			buildSettings = {
				ASSETCATALOG_COMPILER_APPICON_NAME = AppIcon;
				ASSETCATALOG_COMPILER_GLOBAL_ACCENT_COLOR_NAME = AccentColor;
				CODE_SIGN_ENTITLEMENTS = "Patch Monterey/Patch_Monterey.entitlements";
				CODE_SIGN_STYLE = Automatic;
				COMBINE_HIDPI_IMAGES = YES;
				DEVELOPMENT_ASSET_PATHS = "\"Patch Monterey/Preview Content\"";
				ENABLE_PREVIEWS = YES;
				INFOPLIST_FILE = "Patch Monterey/Info.plist";
				LD_RUNPATH_SEARCH_PATHS = (
					"$(inherited)",
					"@executable_path/../Frameworks",
				);
				MACOSX_DEPLOYMENT_TARGET = 11.0;
				PRODUCT_BUNDLE_IDENTIFIER = "com.swoodprojects.Patch-Monterey";
				PRODUCT_NAME = "$(TARGET_NAME)";
				SWIFT_VERSION = 5.0;
			};
			name = Release;
		};
/* End XCBuildConfiguration section */

/* Begin XCConfigurationList section */
		1488786C266FE4EC00C0A627 /* Build configuration list for PBXProject "Patch Monterey" */ = {
			isa = XCConfigurationList;
			buildConfigurations = (
				14887882266FE4F000C0A627 /* Debug */,
				14887883266FE4F000C0A627 /* Release */,
			);
			defaultConfigurationIsVisible = 0;
			defaultConfigurationName = Release;
		};
		14887884266FE4F000C0A627 /* Build configuration list for PBXNativeTarget "Patch Monterey" */ = {
			isa = XCConfigurationList;
			buildConfigurations = (
				14887885266FE4F000C0A627 /* Debug */,
				14887886266FE4F000C0A627 /* Release */,
			);
			defaultConfigurationIsVisible = 0;
			defaultConfigurationName = Release;
		};
/* End XCConfigurationList section */
	};
	rootObject = 14887869266FE4EC00C0A627 /* Project object */;
}
